<?xml version="1.0" encoding="utf-8"?>
<Project ToolsVersion="4.0" xmlns="http://schemas.microsoft.com/developer/msbuild/2003">
  <ItemGroup>
    <Filter Include="Source Files">
      <UniqueIdentifier>{4FC737F1-C7A5-4376-A066-2A32D752A2FF}</UniqueIdentifier>
      <Extensions>cpp;c;cc;cxx;c++;cppm;ixx;def;odl;idl;hpj;bat;asm;asmx</Extensions>
    </Filter>
    <Filter Include="Header Files">
      <UniqueIdentifier>{93995380-89BD-4b04-88EB-625FBE52EBFB}</UniqueIdentifier>
      <Extensions>h;hh;hpp;hxx;h++;hm;inl;inc;ipp;xsd</Extensions>
    </Filter>
    <Filter Include="Resource Files">
      <UniqueIdentifier>{67DA6AB6-F800-4c08-8B7A-83BB121AAD01}</UniqueIdentifier>
      <Extensions>rc;ico;cur;bmp;dlg;rc2;rct;bin;rgs;gif;jpg;jpeg;jpe;resx;tiff;tif;png;wav;mfcribbon-ms</Extensions>
    </Filter>
  </ItemGroup>
  <ItemGroup>
    <ClCompile Include="src\dllmain.cpp">
      <Filter>Source Files</Filter>
    </ClCompile>
    <ClCompile Include="src\sdk\math\QAngle.cpp">
      <Filter>Source Files</Filter>
    </ClCompile>
    <ClCompile Include="src\sdk\math\Vector.cpp">
      <Filter>Source Files</Filter>
    </ClCompile>
    <ClCompile Include="src\sdk\math\mathf.cpp">
      <Filter>Source Files</Filter>
    </ClCompile>
    <ClCompile Include="src\features\Aimbot.cpp">
      <Filter>Source Files</Filter>
    </ClCompile>
    <ClCompile Include="src\sdk\IClientEntity.cpp">
      <Filter>Source Files</Filter>
    </ClCompile>
    <ClCompile Include="src\sdk\modules\ClientModule.cpp">
      <Filter>Source Files</Filter>
    </ClCompile>
    <ClCompile Include="src\sdk\CGlowObjectManager.cpp">
      <Filter>Source Files</Filter>
    </ClCompile>
    <ClCompile Include="src\hooks\VTable.cpp">
      <Filter>Source Files</Filter>
    </ClCompile>
    <ClCompile Include="src\hooks\HookManager.cpp">
      <Filter>Source Files</Filter>
    </ClCompile>
    <ClCompile Include="src\sdk\modules\EngineModule.cpp">
      <Filter>Source Files</Filter>
    </ClCompile>
    <ClCompile Include="src\hooks\Interfaces.cpp">
      <Filter>Source Files</Filter>
    </ClCompile>
    <ClCompile Include="src\features\Glow.cpp">
      <Filter>Source Files</Filter>
    </ClCompile>
    <ClCompile Include="src\features\Triggerbot.cpp">
      <Filter>Source Files</Filter>
    </ClCompile>
    <ClCompile Include="src\hooks\Hooks.cpp">
      <Filter>Source Files</Filter>
    </ClCompile>
    <ClCompile Include="src\features\BunnyHop.cpp">
      <Filter>Source Files</Filter>
    </ClCompile>
    <ClCompile Include="src\features\RCS.cpp">
      <Filter>Source Files</Filter>
    </ClCompile>
    <ClCompile Include="src\sdk\CBaseCombatWeapon.cpp">
      <Filter>Source Files</Filter>
    </ClCompile>
    <ClCompile Include="src\features\Backtrack.cpp">
      <Filter>Source Files</Filter>
    </ClCompile>
    <ClCompile Include="src\sdk\Globals.cpp">
      <Filter>Source Files</Filter>
    </ClCompile>
    <ClCompile Include="src\sdk\math\matrix3x4_t.cpp">
      <Filter>Source Files</Filter>
    </ClCompile>
    <ClCompile Include="src\features\FlickAssist.cpp">
      <Filter>Source Files</Filter>
    </ClCompile>
    <ClCompile Include="src\features\Chams.cpp">
      <Filter>Source Files</Filter>
    </ClCompile>
  </ItemGroup>
  <ItemGroup>
    <ClInclude Include="src\sdk\math\Vector.h">
      <Filter>Header Files</Filter>
    </ClInclude>
    <ClInclude Include="src\sdk\Offsets.h">
      <Filter>Header Files</Filter>
    </ClInclude>
    <ClInclude Include="src\sdk\math\QAngle.h">
      <Filter>Header Files</Filter>
    </ClInclude>
    <ClInclude Include="src\sdk\math\mathf.h">
      <Filter>Header Files</Filter>
    </ClInclude>
    <ClInclude Include="src\features\Aimbot.h">
      <Filter>Header Files</Filter>
    </ClInclude>
    <ClInclude Include="src\sdk\IClientEntity.h">
      <Filter>Header Files</Filter>
    </ClInclude>
    <ClInclude Include="src\sdk\modules\ClientModule.h">
      <Filter>Header Files</Filter>
    </ClInclude>
    <ClInclude Include="src\sdk\CGlowObjectManager.h">
      <Filter>Header Files</Filter>
    </ClInclude>
    <ClInclude Include="src\hooks\VTable.h">
      <Filter>Header Files</Filter>
    </ClInclude>
    <ClInclude Include="src\sdk\math\matrix3x4_t.h">
      <Filter>Header Files</Filter>
    </ClInclude>
    <ClInclude Include="src\sdk\IClientEntityList.h">
      <Filter>Header Files</Filter>
    </ClInclude>
    <ClInclude Include="src\hooks\Interfaces.h">
      <Filter>Header Files</Filter>
    </ClInclude>
    <ClInclude Include="src\hooks\HookManager.h">
      <Filter>Header Files</Filter>
    </ClInclude>
    <ClInclude Include="src\sdk\modules\EngineModule.h">
      <Filter>Header Files</Filter>
    </ClInclude>
    <ClInclude Include="src\sdk\bspflags.h">
      <Filter>Header Files</Filter>
    </ClInclude>
    <ClInclude Include="src\sdk\CUserCmd.h">
      <Filter>Header Files</Filter>
    </ClInclude>
    <ClInclude Include="src\sdk\IEngineTraceClient.h">
      <Filter>Header Files</Filter>
    </ClInclude>
    <ClInclude Include="src\features\Glow.h">
      <Filter>Header Files</Filter>
    </ClInclude>
    <ClInclude Include="src\features\Triggerbot.h">
      <Filter>Header Files</Filter>
    </ClInclude>
    <ClInclude Include="src\utils\Singleton.h">
      <Filter>Header Files</Filter>
    </ClInclude>
    <ClInclude Include="src\features\Hack.h">
      <Filter>Header Files</Filter>
    </ClInclude>
    <ClInclude Include="src\hooks\Hooks.h">
      <Filter>Header Files</Filter>
    </ClInclude>
    <ClInclude Include="src\features\BunnyHop.h">
      <Filter>Header Files</Filter>
    </ClInclude>
    <ClInclude Include="src\features\RCS.h">
      <Filter>Header Files</Filter>
    </ClInclude>
    <ClInclude Include="src\sdk\CGlobalVarsBase.h">
      <Filter>Header Files</Filter>
    </ClInclude>
    <ClInclude Include="src\sdk\CBaseCombatWeapon.h">
      <Filter>Header Files</Filter>
    </ClInclude>
    <ClInclude Include="src\features\Backtrack.h">
      <Filter>Header Files</Filter>
    </ClInclude>
    <ClInclude Include="src\sdk\Globals.h">
      <Filter>Header Files</Filter>
    </ClInclude>
    <ClInclude Include="src\sdk\IStudioRender.h">
      <Filter>Header Files</Filter>
    </ClInclude>
    <ClInclude Include="src\sdk\IClientRenderable.h">
      <Filter>Header Files</Filter>
    </ClInclude>
    <ClInclude Include="src\sdk\IClientUnknown.h">
      <Filter>Header Files</Filter>
    </ClInclude>
    <ClInclude Include="src\sdk\color24.h">
      <Filter>Header Files</Filter>
    </ClInclude>
    <ClInclude Include="src\sdk\IMaterialSystem.h">
      <Filter>Header Files</Filter>
    </ClInclude>
    <ClInclude Include="src\sdk\IClientMode.h">
      <Filter>Header Files</Filter>
    </ClInclude>
    <ClInclude Include="src\sdk\ICvar.h">
      <Filter>Header Files</Filter>
    </ClInclude>
    <ClInclude Include="src\sdk\IVEngineClient.h">
      <Filter>Header Files</Filter>
    </ClInclude>
    <ClInclude Include="src\features\FlickAssist.h">
      <Filter>Header Files</Filter>
    </ClInclude>
    <ClInclude Include="src\features\Chams.h">
      <Filter>Header Files</Filter>
    </ClInclude>
  </ItemGroup>
</Project>